
Microsoft Visual Studio Solution File, Format Version 12.00
# Visual Studio 15
VisualStudioVersion = 15.0.28307.329
MinimumVisualStudioVersion = 10.0.40219.1
Project("{FAE04EC0-301F-11D3-BF4B-00C04F79EFBC}") = "ImorImageProcessing", "ImorImageProcessing\ImorImageProcessing.csproj", "{132F7F79-28F3-4D56-8A37-E25AC8CE690A}"
EndProject
Global
	GlobalSection(SolutionConfigurationPlatforms) = preSolution
		Debug|Any CPU = Debug|Any CPU
		Release|Any CPU = Release|Any CPU
	EndGlobalSection
	GlobalSection(ProjectConfigurationPlatforms) = postSolution
		{132F7F79-28F3-4D56-8A37-E25AC8CE690A}.Debug|Any CPU.ActiveCfg = Debug|Any CPU
		{132F7F79-28F3-4D56-8A37-E25AC8CE690A}.Debug|Any CPU.Build.0 = Debug|Any CPU
		{132F7F79-28F3-4D56-8A37-E25AC8CE690A}.Release|Any CPU.ActiveCfg = Release|Any CPU
		{132F7F79-28F3-4D56-8A37-E25AC8CE690A}.Release|Any CPU.Build.0 = Release|Any CPU
	EndGlobalSection
	GlobalSection(SolutionProperties) = preSolution
		HideSolutionNode = FALSE
	EndGlobalSection
	GlobalSection(ExtensibilityGlobals) = postSolution
		SolutionGuid = {B017E4C4-70CB-4B56-93D4-162CDC6674BD}
	EndGlobalSection
EndGlobal
